
Microsoft Visual Studio Solution File, Format Version 12.00
# Visual Studio Version 16
VisualStudioVersion = 16.0.30503.244
MinimumVisualStudioVersion = 10.0.40219.1
Project("{FAE04EC0-301F-11D3-BF4B-00C04F79EFBC}") = "EmployeePortal", "EmployeePortal\EmployeePortal.csproj", "{7B144376-37AE-402B-9100-495DAC54B01E}"
EndProject
Global
	GlobalSection(SolutionConfigurationPlatforms) = preSolution
		Debug|Any CPU = Debug|Any CPU
		Release|Any CPU = Release|Any CPU
	EndGlobalSection
	GlobalSection(ProjectConfigurationPlatforms) = postSolution
		{7B144376-37AE-402B-9100-495DAC54B01E}.Debug|Any CPU.ActiveCfg = Debug|Any CPU
		{7B144376-37AE-402B-9100-495DAC54B01E}.Debug|Any CPU.Build.0 = Debug|Any CPU
		{7B144376-37AE-402B-9100-495DAC54B01E}.Release|Any CPU.ActiveCfg = Release|Any CPU
		{7B144376-37AE-402B-9100-495DAC54B01E}.Release|Any CPU.Build.0 = Release|Any CPU
	EndGlobalSection
	GlobalSection(SolutionProperties) = preSolution
		HideSolutionNode = FALSE
	EndGlobalSection
	GlobalSection(ExtensibilityGlobals) = postSolution
		SolutionGuid = {6636BB59-3FD0-44ED-B07F-24CF9CD65B0A}
	EndGlobalSection
EndGlobal
